
Microsoft Visual Studio Solution File, Format Version 12.00
# Visual Studio Version 16
VisualStudioVersion = 16.0.30804.86
MinimumVisualStudioVersion = 10.0.40219.1
Project("{FAE04EC0-301F-11D3-BF4B-00C04F79EFBC}") = "Jeu des allumettes", "Jeu des allumettes.csproj", "{49CE4F29-C6D3-479B-9F16-F7D3E083AAB1}"
EndProject
Global
	GlobalSection(SolutionConfigurationPlatforms) = preSolution
		Debug|Any CPU = Debug|Any CPU
		Release|Any CPU = Release|Any CPU
	EndGlobalSection
	GlobalSection(ProjectConfigurationPlatforms) = postSolution
		{49CE4F29-C6D3-479B-9F16-F7D3E083AAB1}.Debug|Any CPU.ActiveCfg = Debug|Any CPU
		{49CE4F29-C6D3-479B-9F16-F7D3E083AAB1}.Debug|Any CPU.Build.0 = Debug|Any CPU
		{49CE4F29-C6D3-479B-9F16-F7D3E083AAB1}.Release|Any CPU.ActiveCfg = Release|Any CPU
		{49CE4F29-C6D3-479B-9F16-F7D3E083AAB1}.Release|Any CPU.Build.0 = Release|Any CPU
	EndGlobalSection
	GlobalSection(SolutionProperties) = preSolution
		HideSolutionNode = FALSE
	EndGlobalSection
	GlobalSection(ExtensibilityGlobals) = postSolution
		SolutionGuid = {0305B0D4-B893-4F98-A23C-825095373462}
	EndGlobalSection
EndGlobal
